{
  "requires": true,
  "lockfileVersion": 1,
  "dependencies": {
    "active-menu-link": {
      "version": "1.1.8",
      "resolved": "https://registry.npmjs.org/active-menu-link/-/active-menu-link-1.1.8.tgz",
      "integrity": "sha512-8lEgIzjIOQOhql8jijEZp64oBqukpIxGB/BQ3I5cgd/wnySr0GmkBroMeFycBZ2F9wvP4TPp8r590FsKI1DdhA==",
      "requires": {
        "scroll-to": "0.0.2"
      }
    },
    "bulma-helpers": {
      "version": "0.4.0",
      "resolved": "https://registry.npmjs.org/bulma-helpers/-/bulma-helpers-0.4.0.tgz",
      "integrity": "sha512-N1+hW7tzEb8DaWLbBXhqM9zYay18c99Zw2WtzBiovXPWv/BtSDUVk0IOqmPT+4p6JjFFc1filZ4IY1mLmh+hcA=="
    },
    "bulma-quickview": {
      "version": "2.0.0",
      "resolved": "https://registry.npmjs.org/bulma-quickview/-/bulma-quickview-2.0.0.tgz",
      "integrity": "sha512-EJq9XYcJ+pG94FIYgw9AI2NoRDRjQX/Iua0H3iIJq4C3D+4sVOCg/Y+I7gd/G0v7fez/qvKX/S+91UZqaTmXSQ=="
    },
    "component-clone": {
      "version": "0.2.2",
      "resolved": "https://registry.npmjs.org/component-clone/-/component-clone-0.2.2.tgz",
      "integrity": "sha1-x/WXmCKID62M+wliuikYbQYe4E8=",
      "requires": {
        "component-type": "*"
      }
    },
    "component-emitter": {
      "version": "1.2.0",
      "resolved": "https://registry.npmjs.org/component-emitter/-/component-emitter-1.2.0.tgz",
      "integrity": "sha1-zNETqGOI0GSC0D3j/H35hSa6jv4="
    },
    "component-raf": {
      "version": "1.2.0",
      "resolved": "https://registry.npmjs.org/component-raf/-/component-raf-1.2.0.tgz",
      "integrity": "sha1-srxy1D8bAU/eeks8RHx2S8c8y6o="
    },
    "component-tween": {
      "version": "1.2.0",
      "resolved": "https://registry.npmjs.org/component-tween/-/component-tween-1.2.0.tgz",
      "integrity": "sha1-zDnOXbqwW1KCX0HRlHY4oLAbK4o=",
      "requires": {
        "component-clone": "0.2.2",
        "component-emitter": "1.2.0",
        "component-type": "1.1.0",
        "ease-component": "1.0.0"
      }
    },
    "component-type": {
      "version": "1.1.0",
      "resolved": "https://registry.npmjs.org/component-type/-/component-type-1.1.0.tgz",
      "integrity": "sha1-lbZmqtU+XI0fK+E1xFtdSZGXwMU="
    },
    "ease-component": {
      "version": "1.0.0",
      "resolved": "https://registry.npmjs.org/ease-component/-/ease-component-1.0.0.tgz",
      "integrity": "sha1-s3VybbC1sEWVt3RAOW/sfapdd8k="
    },
    "scroll-to": {
      "version": "0.0.2",
      "resolved": "https://registry.npmjs.org/scroll-to/-/scroll-to-0.0.2.tgz",
      "integrity": "sha1-k205ipEzZgokkhRcLACB38sHKPM=",
      "requires": {
        "component-raf": "1.2.0",
        "component-tween": "1.2.0"
      }
    }
  }
}
