{
  "requires": true,
  "lockfileVersion": 1,
  "dependencies": {
    "bulma-quickview": {
      "version": "2.0.0",
      "resolved": "https://registry.npmjs.org/bulma-quickview/-/bulma-quickview-2.0.0.tgz",
      "integrity": "sha512-EJq9XYcJ+pG94FIYgw9AI2NoRDRjQX/Iua0H3iIJq4C3D+4sVOCg/Y+I7gd/G0v7fez/qvKX/S+91UZqaTmXSQ=="
    }
  }
}
